
Microsoft Visual Studio Solution File, Format Version 12.00
# Visual Studio Version 17
VisualStudioVersion = 17.3.32901.215
MinimumVisualStudioVersion = 10.0.40219.1
Project("{FAE04EC0-301F-11D3-BF4B-00C04F79EFBC}") = "Tomi_Elagazasok_2022.09.23", "Tomi_Elagazasok_2022.09.23\Tomi_Elagazasok_2022.09.23.csproj", "{A4460ADA-1FBA-4D44-B31F-877C5A70F88B}"
EndProject
Global
	GlobalSection(SolutionConfigurationPlatforms) = preSolution
		Debug|Any CPU = Debug|Any CPU
		Release|Any CPU = Release|Any CPU
	EndGlobalSection
	GlobalSection(ProjectConfigurationPlatforms) = postSolution
		{A4460ADA-1FBA-4D44-B31F-877C5A70F88B}.Debug|Any CPU.ActiveCfg = Debug|Any CPU
		{A4460ADA-1FBA-4D44-B31F-877C5A70F88B}.Debug|Any CPU.Build.0 = Debug|Any CPU
		{A4460ADA-1FBA-4D44-B31F-877C5A70F88B}.Release|Any CPU.ActiveCfg = Release|Any CPU
		{A4460ADA-1FBA-4D44-B31F-877C5A70F88B}.Release|Any CPU.Build.0 = Release|Any CPU
	EndGlobalSection
	GlobalSection(SolutionProperties) = preSolution
		HideSolutionNode = FALSE
	EndGlobalSection
	GlobalSection(ExtensibilityGlobals) = postSolution
		SolutionGuid = {537EA38B-894A-44CA-A8C1-2C44A4F5E892}
	EndGlobalSection
EndGlobal
